
Microsoft Visual Studio Solution File, Format Version 12.00
# Visual Studio 15
VisualStudioVersion = 15.0.28307.645
MinimumVisualStudioVersion = 10.0.40219.1
Project("{FAE04EC0-301F-11D3-BF4B-00C04F79EFBC}") = "CS_WebScraperLearning", "CS_WebScraperLearning\CS_WebScraperLearning.csproj", "{EA21842E-8A3B-4141-9E2D-78B808E38DF6}"
EndProject
Global
	GlobalSection(SolutionConfigurationPlatforms) = preSolution
		Debug|Any CPU = Debug|Any CPU
		Release|Any CPU = Release|Any CPU
	EndGlobalSection
	GlobalSection(ProjectConfigurationPlatforms) = postSolution
		{EA21842E-8A3B-4141-9E2D-78B808E38DF6}.Debug|Any CPU.ActiveCfg = Debug|Any CPU
		{EA21842E-8A3B-4141-9E2D-78B808E38DF6}.Debug|Any CPU.Build.0 = Debug|Any CPU
		{EA21842E-8A3B-4141-9E2D-78B808E38DF6}.Release|Any CPU.ActiveCfg = Release|Any CPU
		{EA21842E-8A3B-4141-9E2D-78B808E38DF6}.Release|Any CPU.Build.0 = Release|Any CPU
	EndGlobalSection
	GlobalSection(SolutionProperties) = preSolution
		HideSolutionNode = FALSE
	EndGlobalSection
	GlobalSection(ExtensibilityGlobals) = postSolution
		SolutionGuid = {91B04A5B-E8C8-40EF-8A7A-12A28879F42C}
	EndGlobalSection
EndGlobal
